# This file is automatically @generated by Cargo.
# It is not intended for manual editing.
version = 4

[[package]]
name = "glam"
version = "0.33.11"
source = "registry+https://github.com/rust-lang/crates.io-index"
checksum = "35b4e837a1d133645d1dcf283e146a4b9901e390a1c13545f959cfed3a72f24f"

[[package]]
name = "sudoku-solver"
version = "0.1.0"
dependencies = [
 "glam",
]
